// !$*UTF8*$!
{
	archiveVersion = 1;
	classes = {
	};
	objectVersion = 50;
	objects = {

/* Begin PBXBuildFile section */
		2C36DBEA23967F7A00986C2B /* batang.otf in Resources */ = {isa = PBXBuildFile; fileRef = 2C36DBE923967F7A00986C2B /* batang.otf */; };
		2C916A10237B953900341F5D /* AppDelegate.swift in Sources */ = {isa = PBXBuildFile; fileRef = 2C916A0F237B953900341F5D /* AppDelegate.swift */; };
		2C916A12237B953900341F5D /* SceneDelegate.swift in Sources */ = {isa = PBXBuildFile; fileRef = 2C916A11237B953900341F5D /* SceneDelegate.swift */; };
		2C916A14237B953900341F5D /* ViewController.swift in Sources */ = {isa = PBXBuildFile; fileRef = 2C916A13237B953900341F5D /* ViewController.swift */; };
		2C916A19237B953A00341F5D /* Assets.xcassets in Resources */ = {isa = PBXBuildFile; fileRef = 2C916A18237B953A00341F5D /* Assets.xcassets */; };
		2C916A1C237B953A00341F5D /* LaunchScreen.storyboard in Resources */ = {isa = PBXBuildFile; fileRef = 2C916A1A237B953A00341F5D /* LaunchScreen.storyboard */; };
		2C916A27237B953A00341F5D /* MeetingCalendarTests.swift in Sources */ = {isa = PBXBuildFile; fileRef = 2C916A26237B953A00341F5D /* MeetingCalendarTests.swift */; };
		2C916A32237B953A00341F5D /* MeetingCalendarUITests.swift in Sources */ = {isa = PBXBuildFile; fileRef = 2C916A31237B953A00341F5D /* MeetingCalendarUITests.swift */; };
		2C916A40237B9A3F00341F5D /* Plan.swift in Sources */ = {isa = PBXBuildFile; fileRef = 2C916A3F237B9A3F00341F5D /* Plan.swift */; };
		2C916A42237B9F6800341F5D /* PlanList.swift in Sources */ = {isa = PBXBuildFile; fileRef = 2C916A41237B9F6800341F5D /* PlanList.swift */; };
		2C9E56522396841900132DAB /* background.png in Resources */ = {isa = PBXBuildFile; fileRef = 2C9E56512396841800132DAB /* background.png */; };
		2C9E565B2396874E00132DAB /* calendar@3x.png in Resources */ = {isa = PBXBuildFile; fileRef = 2C9E56532396874E00132DAB /* calendar@3x.png */; };
		2C9E565C2396874E00132DAB /* page1_tab@3x.png in Resources */ = {isa = PBXBuildFile; fileRef = 2C9E56542396874E00132DAB /* page1_tab@3x.png */; };
		2C9E565D2396874E00132DAB /* page2_tab@3x.png in Resources */ = {isa = PBXBuildFile; fileRef = 2C9E56552396874E00132DAB /* page2_tab@3x.png */; };
		2C9E565E2396874E00132DAB /* logo@3x.png in Resources */ = {isa = PBXBuildFile; fileRef = 2C9E56562396874E00132DAB /* logo@3x.png */; };
		2C9E565F2396874E00132DAB /* page1@3x.png in Resources */ = {isa = PBXBuildFile; fileRef = 2C9E56572396874E00132DAB /* page1@3x.png */; };
		2C9E56602396874E00132DAB /* page2_left@3x.png in Resources */ = {isa = PBXBuildFile; fileRef = 2C9E56582396874E00132DAB /* page2_left@3x.png */; };
		2C9E56612396874E00132DAB /* page2@3x.png in Resources */ = {isa = PBXBuildFile; fileRef = 2C9E56592396874E00132DAB /* page2@3x.png */; };
		2C9E56622396874E00132DAB /* page2_right@3x.png in Resources */ = {isa = PBXBuildFile; fileRef = 2C9E565A2396874E00132DAB /* page2_right@3x.png */; };
		2C9E566423968FF600132DAB /* Planlist_test.swift in Sources */ = {isa = PBXBuildFile; fileRef = 2C9E566323968FF600132DAB /* Planlist_test.swift */; };
		2C9E566C2396921B00132DAB /* sticker1@3x.png in Resources */ = {isa = PBXBuildFile; fileRef = 2C9E56652396921A00132DAB /* sticker1@3x.png */; };
		2C9E566D2396921B00132DAB /* sticker2_1@3x.png in Resources */ = {isa = PBXBuildFile; fileRef = 2C9E56662396921A00132DAB /* sticker2_1@3x.png */; };
		2C9E566E2396921B00132DAB /* page2_2trash@3x.png in Resources */ = {isa = PBXBuildFile; fileRef = 2C9E56672396921A00132DAB /* page2_2trash@3x.png */; };
		2C9E566F2396921B00132DAB /* page2_2_x@3x.png in Resources */ = {isa = PBXBuildFile; fileRef = 2C9E56682396921A00132DAB /* page2_2_x@3x.png */; };
		2C9E56702396921B00132DAB /* page2_line@3x.png in Resources */ = {isa = PBXBuildFile; fileRef = 2C9E56692396921A00132DAB /* page2_line@3x.png */; };
		2C9E56712396921B00132DAB /* page2_table1@3x.png in Resources */ = {isa = PBXBuildFile; fileRef = 2C9E566A2396921B00132DAB /* page2_table1@3x.png */; };
		2C9E56722396921B00132DAB /* page2_2back@3x.png in Resources */ = {isa = PBXBuildFile; fileRef = 2C9E566B2396921B00132DAB /* page2_2back@3x.png */; };
		2C9E56792396934700132DAB /* page2_icon@3x.png in Resources */ = {isa = PBXBuildFile; fileRef = 2C9E56772396934700132DAB /* page2_icon@3x.png */; };
		2C9E567A2396934700132DAB /* page1_icon@3x.png in Resources */ = {isa = PBXBuildFile; fileRef = 2C9E56782396934700132DAB /* page1_icon@3x.png */; };
		36706A3C238C23520084BE82 /* Main.storyboard in Resources */ = {isa = PBXBuildFile; fileRef = 36706A3B238C23520084BE82 /* Main.storyboard */; };
		3680AC1523964B03001EFDD7 /* SelectionViewController.swift in Sources */ = {isa = PBXBuildFile; fileRef = 3680AC1423964B03001EFDD7 /* SelectionViewController.swift */; };
/* End PBXBuildFile section */

/* Begin PBXContainerItemProxy section */
		2C916A23237B953A00341F5D /* PBXContainerItemProxy */ = {
			isa = PBXContainerItemProxy;
			containerPortal = 2C916A04237B953900341F5D /* Project object */;
			proxyType = 1;
			remoteGlobalIDString = 2C916A0B237B953900341F5D;
			remoteInfo = MeetingCalendar;
		};
		2C916A2E237B953A00341F5D /* PBXContainerItemProxy */ = {
			isa = PBXContainerItemProxy;
			containerPortal = 2C916A04237B953900341F5D /* Project object */;
			proxyType = 1;
			remoteGlobalIDString = 2C916A0B237B953900341F5D;
			remoteInfo = MeetingCalendar;
		};
/* End PBXContainerItemProxy section */

/* Begin PBXFileReference section */
		2C36DBE923967F7A00986C2B /* batang.otf */ = {isa = PBXFileReference; lastKnownFileType = file; name = batang.otf; path = ../../../batang.otf; sourceTree = "<group>"; };
		2C916A0C237B953900341F5D /* MeetingCalendar.app */ = {isa = PBXFileReference; explicitFileType = wrapper.application; includeInIndex = 0; path = MeetingCalendar.app; sourceTree = BUILT_PRODUCTS_DIR; };
		2C916A0F237B953900341F5D /* AppDelegate.swift */ = {isa = PBXFileReference; lastKnownFileType = sourcecode.swift; path = AppDelegate.swift; sourceTree = "<group>"; };
		2C916A11237B953900341F5D /* SceneDelegate.swift */ = {isa = PBXFileReference; lastKnownFileType = sourcecode.swift; path = SceneDelegate.swift; sourceTree = "<group>"; };
		2C916A13237B953900341F5D /* ViewController.swift */ = {isa = PBXFileReference; lastKnownFileType = sourcecode.swift; path = ViewController.swift; sourceTree = "<group>"; };
		2C916A18237B953A00341F5D /* Assets.xcassets */ = {isa = PBXFileReference; lastKnownFileType = folder.assetcatalog; path = Assets.xcassets; sourceTree = "<group>"; };
		2C916A1B237B953A00341F5D /* Base */ = {isa = PBXFileReference; lastKnownFileType = file.storyboard; name = Base; path = Base.lproj/LaunchScreen.storyboard; sourceTree = "<group>"; };
		2C916A1D237B953A00341F5D /* Info.plist */ = {isa = PBXFileReference; lastKnownFileType = text.plist.xml; path = Info.plist; sourceTree = "<group>"; };
		2C916A22237B953A00341F5D /* MeetingCalendarTests.xctest */ = {isa = PBXFileReference; explicitFileType = wrapper.cfbundle; includeInIndex = 0; path = MeetingCalendarTests.xctest; sourceTree = BUILT_PRODUCTS_DIR; };
		2C916A26237B953A00341F5D /* MeetingCalendarTests.swift */ = {isa = PBXFileReference; lastKnownFileType = sourcecode.swift; path = MeetingCalendarTests.swift; sourceTree = "<group>"; };
		2C916A28237B953A00341F5D /* Info.plist */ = {isa = PBXFileReference; lastKnownFileType = text.plist.xml; path = Info.plist; sourceTree = "<group>"; };
		2C916A2D237B953A00341F5D /* MeetingCalendarUITests.xctest */ = {isa = PBXFileReference; explicitFileType = wrapper.cfbundle; includeInIndex = 0; path = MeetingCalendarUITests.xctest; sourceTree = BUILT_PRODUCTS_DIR; };
		2C916A31237B953A00341F5D /* MeetingCalendarUITests.swift */ = {isa = PBXFileReference; lastKnownFileType = sourcecode.swift; path = MeetingCalendarUITests.swift; sourceTree = "<group>"; };
		2C916A33237B953A00341F5D /* Info.plist */ = {isa = PBXFileReference; lastKnownFileType = text.plist.xml; path = Info.plist; sourceTree = "<group>"; };
		2C916A3F237B9A3F00341F5D /* Plan.swift */ = {isa = PBXFileReference; lastKnownFileType = sourcecode.swift; path = Plan.swift; sourceTree = "<group>"; };
		2C916A41237B9F6800341F5D /* PlanList.swift */ = {isa = PBXFileReference; lastKnownFileType = sourcecode.swift; path = PlanList.swift; sourceTree = "<group>"; };
		2C9E56512396841800132DAB /* background.png */ = {isa = PBXFileReference; lastKnownFileType = image.png; name = background.png; path = "../../../image source/background.png"; sourceTree = "<group>"; };
		2C9E56532396874E00132DAB /* calendar@3x.png */ = {isa = PBXFileReference; lastKnownFileType = image.png; name = "calendar@3x.png"; path = "../../../image source/calendar@3x.png"; sourceTree = "<group>"; };
		2C9E56542396874E00132DAB /* page1_tab@3x.png */ = {isa = PBXFileReference; lastKnownFileType = image.png; name = "page1_tab@3x.png"; path = "../../../image source/page1_tab@3x.png"; sourceTree = "<group>"; };
		2C9E56552396874E00132DAB /* page2_tab@3x.png */ = {isa = PBXFileReference; lastKnownFileType = image.png; name = "page2_tab@3x.png"; path = "../../../image source/page2_tab@3x.png"; sourceTree = "<group>"; };
		2C9E56562396874E00132DAB /* logo@3x.png */ = {isa = PBXFileReference; lastKnownFileType = image.png; name = "logo@3x.png"; path = "../../../image source/logo@3x.png"; sourceTree = "<group>"; };
		2C9E56572396874E00132DAB /* page1@3x.png */ = {isa = PBXFileReference; lastKnownFileType = image.png; name = "page1@3x.png"; path = "../../../image source/page1@3x.png"; sourceTree = "<group>"; };
		2C9E56582396874E00132DAB /* page2_left@3x.png */ = {isa = PBXFileReference; lastKnownFileType = image.png; name = "page2_left@3x.png"; path = "../../../image source/page2_left@3x.png"; sourceTree = "<group>"; };
		2C9E56592396874E00132DAB /* page2@3x.png */ = {isa = PBXFileReference; lastKnownFileType = image.png; name = "page2@3x.png"; path = "../../../image source/page2@3x.png"; sourceTree = "<group>"; };
		2C9E565A2396874E00132DAB /* page2_right@3x.png */ = {isa = PBXFileReference; lastKnownFileType = image.png; name = "page2_right@3x.png"; path = "../../../image source/page2_right@3x.png"; sourceTree = "<group>"; };
		2C9E566323968FF600132DAB /* Planlist_test.swift */ = {isa = PBXFileReference; lastKnownFileType = sourcecode.swift; path = Planlist_test.swift; sourceTree = "<group>"; };
		2C9E56652396921A00132DAB /* sticker1@3x.png */ = {isa = PBXFileReference; lastKnownFileType = image.png; name = "sticker1@3x.png"; path = "../../../image source/new/sticker1@3x.png"; sourceTree = "<group>"; };
		2C9E56662396921A00132DAB /* sticker2_1@3x.png */ = {isa = PBXFileReference; lastKnownFileType = image.png; name = "sticker2_1@3x.png"; path = "../../../image source/new/sticker2_1@3x.png"; sourceTree = "<group>"; };
		2C9E56672396921A00132DAB /* page2_2trash@3x.png */ = {isa = PBXFileReference; lastKnownFileType = image.png; name = "page2_2trash@3x.png"; path = "../../../image source/new/page2_2trash@3x.png"; sourceTree = "<group>"; };
		2C9E56682396921A00132DAB /* page2_2_x@3x.png */ = {isa = PBXFileReference; lastKnownFileType = image.png; name = "page2_2_x@3x.png"; path = "../../../image source/new/page2_2_x@3x.png"; sourceTree = "<group>"; };
		2C9E56692396921A00132DAB /* page2_line@3x.png */ = {isa = PBXFileReference; lastKnownFileType = image.png; name = "page2_line@3x.png"; path = "../../../image source/new/page2_line@3x.png"; sourceTree = "<group>"; };
		2C9E566A2396921B00132DAB /* page2_table1@3x.png */ = {isa = PBXFileReference; lastKnownFileType = image.png; name = "page2_table1@3x.png"; path = "../../../image source/new/page2_table1@3x.png"; sourceTree = "<group>"; };
		2C9E566B2396921B00132DAB /* page2_2back@3x.png */ = {isa = PBXFileReference; lastKnownFileType = image.png; name = "page2_2back@3x.png"; path = "../../../image source/new/page2_2back@3x.png"; sourceTree = "<group>"; };
		2C9E56772396934700132DAB /* page2_icon@3x.png */ = {isa = PBXFileReference; lastKnownFileType = image.png; name = "page2_icon@3x.png"; path = "../../../image source/new/page2_icon@3x.png"; sourceTree = "<group>"; };
		2C9E56782396934700132DAB /* page1_icon@3x.png */ = {isa = PBXFileReference; lastKnownFileType = image.png; name = "page1_icon@3x.png"; path = "../../../image source/new/page1_icon@3x.png"; sourceTree = "<group>"; };
		36706A3B238C23520084BE82 /* Main.storyboard */ = {isa = PBXFileReference; lastKnownFileType = file.storyboard; path = Main.storyboard; sourceTree = "<group>"; };
		3680AC1423964B03001EFDD7 /* SelectionViewController.swift */ = {isa = PBXFileReference; lastKnownFileType = sourcecode.swift; path = SelectionViewController.swift; sourceTree = "<group>"; };
/* End PBXFileReference section */

/* Begin PBXFrameworksBuildPhase section */
		2C916A09237B953900341F5D /* Frameworks */ = {
			isa = PBXFrameworksBuildPhase;
			buildActionMask = 2147483647;
			files = (
			);
			runOnlyForDeploymentPostprocessing = 0;
		};
		2C916A1F237B953A00341F5D /* Frameworks */ = {
			isa = PBXFrameworksBuildPhase;
			buildActionMask = 2147483647;
			files = (
			);
			runOnlyForDeploymentPostprocessing = 0;
		};
		2C916A2A237B953A00341F5D /* Frameworks */ = {
			isa = PBXFrameworksBuildPhase;
			buildActionMask = 2147483647;
			files = (
			);
			runOnlyForDeploymentPostprocessing = 0;
		};
/* End PBXFrameworksBuildPhase section */

/* Begin PBXGroup section */
		2C916A03237B953900341F5D = {
			isa = PBXGroup;
			children = (
				2C916A0E237B953900341F5D /* MeetingCalendar */,
				2C916A25237B953A00341F5D /* MeetingCalendarTests */,
				2C916A30237B953A00341F5D /* MeetingCalendarUITests */,
				2C916A0D237B953900341F5D /* Products */,
			);
			sourceTree = "<group>";
		};
		2C916A0D237B953900341F5D /* Products */ = {
			isa = PBXGroup;
			children = (
				2C916A0C237B953900341F5D /* MeetingCalendar.app */,
				2C916A22237B953A00341F5D /* MeetingCalendarTests.xctest */,
				2C916A2D237B953A00341F5D /* MeetingCalendarUITests.xctest */,
			);
			name = Products;
			sourceTree = "<group>";
		};
		2C916A0E237B953900341F5D /* MeetingCalendar */ = {
			isa = PBXGroup;
			children = (
				2CD089F623967E13005E806D /* Images */,
				2CD089F523967E07005E806D /* Fonts */,
				2C916A0F237B953900341F5D /* AppDelegate.swift */,
				2C916A11237B953900341F5D /* SceneDelegate.swift */,
				2C916A13237B953900341F5D /* ViewController.swift */,
				36706A3B238C23520084BE82 /* Main.storyboard */,
				3680AC1423964B03001EFDD7 /* SelectionViewController.swift */,
				2C916A3F237B9A3F00341F5D /* Plan.swift */,
				2C916A41237B9F6800341F5D /* PlanList.swift */,
				2C9E566323968FF600132DAB /* Planlist_test.swift */,
				2C916A18237B953A00341F5D /* Assets.xcassets */,
				2C916A1A237B953A00341F5D /* LaunchScreen.storyboard */,
				2C916A1D237B953A00341F5D /* Info.plist */,
			);
			path = MeetingCalendar;
			sourceTree = "<group>";
		};
		2C916A25237B953A00341F5D /* MeetingCalendarTests */ = {
			isa = PBXGroup;
			children = (
				2C916A26237B953A00341F5D /* MeetingCalendarTests.swift */,
				2C916A28237B953A00341F5D /* Info.plist */,
			);
			path = MeetingCalendarTests;
			sourceTree = "<group>";
		};
		2C916A30237B953A00341F5D /* MeetingCalendarUITests */ = {
			isa = PBXGroup;
			children = (
				2C916A31237B953A00341F5D /* MeetingCalendarUITests.swift */,
				2C916A33237B953A00341F5D /* Info.plist */,
			);
			path = MeetingCalendarUITests;
			sourceTree = "<group>";
		};
		2CD089F523967E07005E806D /* Fonts */ = {
			isa = PBXGroup;
			children = (
				2C36DBE923967F7A00986C2B /* batang.otf */,
			);
			path = Fonts;
			sourceTree = "<group>";
		};
		2CD089F623967E13005E806D /* Images */ = {
			isa = PBXGroup;
			children = (
				2C9E56682396921A00132DAB /* page2_2_x@3x.png */,
				2C9E566B2396921B00132DAB /* page2_2back@3x.png */,
				2C9E56672396921A00132DAB /* page2_2trash@3x.png */,
				2C9E56692396921A00132DAB /* page2_line@3x.png */,
				2C9E56782396934700132DAB /* page1_icon@3x.png */,
				2C9E56772396934700132DAB /* page2_icon@3x.png */,
				2C9E566A2396921B00132DAB /* page2_table1@3x.png */,
				2C9E56652396921A00132DAB /* sticker1@3x.png */,
				2C9E56662396921A00132DAB /* sticker2_1@3x.png */,
				2C9E56532396874E00132DAB /* calendar@3x.png */,
				2C9E56562396874E00132DAB /* logo@3x.png */,
				2C9E56542396874E00132DAB /* page1_tab@3x.png */,
				2C9E56572396874E00132DAB /* page1@3x.png */,
				2C9E56582396874E00132DAB /* page2_left@3x.png */,
				2C9E565A2396874E00132DAB /* page2_right@3x.png */,
				2C9E56552396874E00132DAB /* page2_tab@3x.png */,
				2C9E56592396874E00132DAB /* page2@3x.png */,
				2C9E56512396841800132DAB /* background.png */,
			);
			path = Images;
			sourceTree = "<group>";
		};
/* End PBXGroup section */

/* Begin PBXNativeTarget section */
		2C916A0B237B953900341F5D /* MeetingCalendar */ = {
			isa = PBXNativeTarget;
			buildConfigurationList = 2C916A36237B953A00341F5D /* Build configuration list for PBXNativeTarget "MeetingCalendar" */;
			buildPhases = (
				2C916A08237B953900341F5D /* Sources */,
				2C916A09237B953900341F5D /* Frameworks */,
				2C916A0A237B953900341F5D /* Resources */,
			);
			buildRules = (
			);
			dependencies = (
			);
			name = MeetingCalendar;
			productName = MeetingCalendar;
			productReference = 2C916A0C237B953900341F5D /* MeetingCalendar.app */;
			productType = "com.apple.product-type.application";
		};
		2C916A21237B953A00341F5D /* MeetingCalendarTests */ = {
			isa = PBXNativeTarget;
			buildConfigurationList = 2C916A39237B953A00341F5D /* Build configuration list for PBXNativeTarget "MeetingCalendarTests" */;
			buildPhases = (
				2C916A1E237B953A00341F5D /* Sources */,
				2C916A1F237B953A00341F5D /* Frameworks */,
				2C916A20237B953A00341F5D /* Resources */,
			);
			buildRules = (
			);
			dependencies = (
				2C916A24237B953A00341F5D /* PBXTargetDependency */,
			);
			name = MeetingCalendarTests;
			productName = MeetingCalendarTests;
			productReference = 2C916A22237B953A00341F5D /* MeetingCalendarTests.xctest */;
			productType = "com.apple.product-type.bundle.unit-test";
		};
		2C916A2C237B953A00341F5D /* MeetingCalendarUITests */ = {
			isa = PBXNativeTarget;
			buildConfigurationList = 2C916A3C237B953A00341F5D /* Build configuration list for PBXNativeTarget "MeetingCalendarUITests" */;
			buildPhases = (
				2C916A29237B953A00341F5D /* Sources */,
				2C916A2A237B953A00341F5D /* Frameworks */,
				2C916A2B237B953A00341F5D /* Resources */,
			);
			buildRules = (
			);
			dependencies = (
				2C916A2F237B953A00341F5D /* PBXTargetDependency */,
			);
			name = MeetingCalendarUITests;
			productName = MeetingCalendarUITests;
			productReference = 2C916A2D237B953A00341F5D /* MeetingCalendarUITests.xctest */;
			productType = "com.apple.product-type.bundle.ui-testing";
		};
/* End PBXNativeTarget section */

/* Begin PBXProject section */
		2C916A04237B953900341F5D /* Project object */ = {
			isa = PBXProject;
			attributes = {
				LastSwiftUpdateCheck = 1120;
				LastUpgradeCheck = 1120;
				ORGANIZATIONNAME = "Haesoo Kim";
				TargetAttributes = {
					2C916A0B237B953900341F5D = {
						CreatedOnToolsVersion = 11.2.1;
					};
					2C916A21237B953A00341F5D = {
						CreatedOnToolsVersion = 11.2.1;
						TestTargetID = 2C916A0B237B953900341F5D;
					};
					2C916A2C237B953A00341F5D = {
						CreatedOnToolsVersion = 11.2.1;
						TestTargetID = 2C916A0B237B953900341F5D;
					};
				};
			};
			buildConfigurationList = 2C916A07237B953900341F5D /* Build configuration list for PBXProject "MeetingCalendar" */;
			compatibilityVersion = "Xcode 9.3";
			developmentRegion = en;
			hasScannedForEncodings = 0;
			knownRegions = (
				en,
				Base,
			);
			mainGroup = 2C916A03237B953900341F5D;
			productRefGroup = 2C916A0D237B953900341F5D /* Products */;
			projectDirPath = "";
			projectRoot = "";
			targets = (
				2C916A0B237B953900341F5D /* MeetingCalendar */,
				2C916A21237B953A00341F5D /* MeetingCalendarTests */,
				2C916A2C237B953A00341F5D /* MeetingCalendarUITests */,
			);
		};
/* End PBXProject section */

/* Begin PBXResourcesBuildPhase section */
		2C916A0A237B953900341F5D /* Resources */ = {
			isa = PBXResourcesBuildPhase;
			buildActionMask = 2147483647;
			files = (
				2C9E565F2396874E00132DAB /* page1@3x.png in Resources */,
				2C9E56602396874E00132DAB /* page2_left@3x.png in Resources */,
				2C916A1C237B953A00341F5D /* LaunchScreen.storyboard in Resources */,
				2C9E566E2396921B00132DAB /* page2_2trash@3x.png in Resources */,
				2C9E565E2396874E00132DAB /* logo@3x.png in Resources */,
				2C9E56722396921B00132DAB /* page2_2back@3x.png in Resources */,
				2C9E56702396921B00132DAB /* page2_line@3x.png in Resources */,
				2C9E56622396874E00132DAB /* page2_right@3x.png in Resources */,
				2C9E56712396921B00132DAB /* page2_table1@3x.png in Resources */,
				2C9E56792396934700132DAB /* page2_icon@3x.png in Resources */,
				2C9E565B2396874E00132DAB /* calendar@3x.png in Resources */,
				2C9E56522396841900132DAB /* background.png in Resources */,
				2C9E566D2396921B00132DAB /* sticker2_1@3x.png in Resources */,
				2C9E565D2396874E00132DAB /* page2_tab@3x.png in Resources */,
				2C916A19237B953A00341F5D /* Assets.xcassets in Resources */,
				2C9E565C2396874E00132DAB /* page1_tab@3x.png in Resources */,
				2C9E56612396874E00132DAB /* page2@3x.png in Resources */,
				2C9E567A2396934700132DAB /* page1_icon@3x.png in Resources */,
				2C9E566F2396921B00132DAB /* page2_2_x@3x.png in Resources */,
				2C36DBEA23967F7A00986C2B /* batang.otf in Resources */,
				36706A3C238C23520084BE82 /* Main.storyboard in Resources */,
				2C9E566C2396921B00132DAB /* sticker1@3x.png in Resources */,
			);
			runOnlyForDeploymentPostprocessing = 0;
		};
		2C916A20237B953A00341F5D /* Resources */ = {
			isa = PBXResourcesBuildPhase;
			buildActionMask = 2147483647;
			files = (
			);
			runOnlyForDeploymentPostprocessing = 0;
		};
		2C916A2B237B953A00341F5D /* Resources */ = {
			isa = PBXResourcesBuildPhase;
			buildActionMask = 2147483647;
			files = (
			);
			runOnlyForDeploymentPostprocessing = 0;
		};
/* End PBXResourcesBuildPhase section */

/* Begin PBXSourcesBuildPhase section */
		2C916A08237B953900341F5D /* Sources */ = {
			isa = PBXSourcesBuildPhase;
			buildActionMask = 2147483647;
			files = (
				2C916A40237B9A3F00341F5D /* Plan.swift in Sources */,
				3680AC1523964B03001EFDD7 /* SelectionViewController.swift in Sources */,
				2C916A14237B953900341F5D /* ViewController.swift in Sources */,
				2C916A42237B9F6800341F5D /* PlanList.swift in Sources */,
				2C9E566423968FF600132DAB /* Planlist_test.swift in Sources */,
				2C916A10237B953900341F5D /* AppDelegate.swift in Sources */,
				2C916A12237B953900341F5D /* SceneDelegate.swift in Sources */,
			);
			runOnlyForDeploymentPostprocessing = 0;
		};
		2C916A1E237B953A00341F5D /* Sources */ = {
			isa = PBXSourcesBuildPhase;
			buildActionMask = 2147483647;
			files = (
				2C916A27237B953A00341F5D /* MeetingCalendarTests.swift in Sources */,
			);
			runOnlyForDeploymentPostprocessing = 0;
		};
		2C916A29237B953A00341F5D /* Sources */ = {
			isa = PBXSourcesBuildPhase;
			buildActionMask = 2147483647;
			files = (
				2C916A32237B953A00341F5D /* MeetingCalendarUITests.swift in Sources */,
			);
			runOnlyForDeploymentPostprocessing = 0;
		};
/* End PBXSourcesBuildPhase section */

/* Begin PBXTargetDependency section */
		2C916A24237B953A00341F5D /* PBXTargetDependency */ = {
			isa = PBXTargetDependency;
			target = 2C916A0B237B953900341F5D /* MeetingCalendar */;
			targetProxy = 2C916A23237B953A00341F5D /* PBXContainerItemProxy */;
		};
		2C916A2F237B953A00341F5D /* PBXTargetDependency */ = {
			isa = PBXTargetDependency;
			target = 2C916A0B237B953900341F5D /* MeetingCalendar */;
			targetProxy = 2C916A2E237B953A00341F5D /* PBXContainerItemProxy */;
		};
/* End PBXTargetDependency section */

/* Begin PBXVariantGroup section */
		2C916A1A237B953A00341F5D /* LaunchScreen.storyboard */ = {
			isa = PBXVariantGroup;
			children = (
				2C916A1B237B953A00341F5D /* Base */,
			);
			name = LaunchScreen.storyboard;
			sourceTree = "<group>";
		};
/* End PBXVariantGroup section */

/* Begin XCBuildConfiguration section */
		2C916A34237B953A00341F5D /* Debug */ = {
			isa = XCBuildConfiguration;
			buildSettings = {
				ALWAYS_SEARCH_USER_PATHS = NO;
				CLANG_ANALYZER_NONNULL = YES;
				CLANG_ANALYZER_NUMBER_OBJECT_CONVERSION = YES_AGGRESSIVE;
				CLANG_CXX_LANGUAGE_STANDARD = "gnu++14";
				CLANG_CXX_LIBRARY = "libc++";
				CLANG_ENABLE_MODULES = YES;
				CLANG_ENABLE_OBJC_ARC = YES;
				CLANG_ENABLE_OBJC_WEAK = YES;
				CLANG_WARN_BLOCK_CAPTURE_AUTORELEASING = YES;
				CLANG_WARN_BOOL_CONVERSION = YES;
				CLANG_WARN_COMMA = YES;
				CLANG_WARN_CONSTANT_CONVERSION = YES;
				CLANG_WARN_DEPRECATED_OBJC_IMPLEMENTATIONS = YES;
				CLANG_WARN_DIRECT_OBJC_ISA_USAGE = YES_ERROR;
				CLANG_WARN_DOCUMENTATION_COMMENTS = YES;
				CLANG_WARN_EMPTY_BODY = YES;
				CLANG_WARN_ENUM_CONVERSION = YES;
				CLANG_WARN_INFINITE_RECURSION = YES;
				CLANG_WARN_INT_CONVERSION = YES;
				CLANG_WARN_NON_LITERAL_NULL_CONVERSION = YES;
				CLANG_WARN_OBJC_IMPLICIT_RETAIN_SELF = YES;
				CLANG_WARN_OBJC_LITERAL_CONVERSION = YES;
				CLANG_WARN_OBJC_ROOT_CLASS = YES_ERROR;
				CLANG_WARN_RANGE_LOOP_ANALYSIS = YES;
				CLANG_WARN_STRICT_PROTOTYPES = YES;
				CLANG_WARN_SUSPICIOUS_MOVE = YES;
				CLANG_WARN_UNGUARDED_AVAILABILITY = YES_AGGRESSIVE;
				CLANG_WARN_UNREACHABLE_CODE = YES;
				CLANG_WARN__DUPLICATE_METHOD_MATCH = YES;
				COPY_PHASE_STRIP = NO;
				DEBUG_INFORMATION_FORMAT = dwarf;
				ENABLE_STRICT_OBJC_MSGSEND = YES;
				ENABLE_TESTABILITY = YES;
				GCC_C_LANGUAGE_STANDARD = gnu11;
				GCC_DYNAMIC_NO_PIC = NO;
				GCC_NO_COMMON_BLOCKS = YES;
				GCC_OPTIMIZATION_LEVEL = 0;
				GCC_PREPROCESSOR_DEFINITIONS = (
					"DEBUG=1",
					"$(inherited)",
				);
				GCC_WARN_64_TO_32_BIT_CONVERSION = YES;
				GCC_WARN_ABOUT_RETURN_TYPE = YES_ERROR;
				GCC_WARN_UNDECLARED_SELECTOR = YES;
				GCC_WARN_UNINITIALIZED_AUTOS = YES_AGGRESSIVE;
				GCC_WARN_UNUSED_FUNCTION = YES;
				GCC_WARN_UNUSED_VARIABLE = YES;
				IPHONEOS_DEPLOYMENT_TARGET = 13.2;
				MTL_ENABLE_DEBUG_INFO = INCLUDE_SOURCE;
				MTL_FAST_MATH = YES;
				ONLY_ACTIVE_ARCH = YES;
				SDKROOT = iphoneos;
				SWIFT_ACTIVE_COMPILATION_CONDITIONS = DEBUG;
				SWIFT_OPTIMIZATION_LEVEL = "-Onone";
			};
			name = Debug;
		};
		2C916A35237B953A00341F5D /* Release */ = {
			isa = XCBuildConfiguration;
			buildSettings = {
				ALWAYS_SEARCH_USER_PATHS = NO;
				CLANG_ANALYZER_NONNULL = YES;
				CLANG_ANALYZER_NUMBER_OBJECT_CONVERSION = YES_AGGRESSIVE;
				CLANG_CXX_LANGUAGE_STANDARD = "gnu++14";
				CLANG_CXX_LIBRARY = "libc++";
				CLANG_ENABLE_MODULES = YES;
				CLANG_ENABLE_OBJC_ARC = YES;
				CLANG_ENABLE_OBJC_WEAK = YES;
				CLANG_WARN_BLOCK_CAPTURE_AUTORELEASING = YES;
				CLANG_WARN_BOOL_CONVERSION = YES;
				CLANG_WARN_COMMA = YES;
				CLANG_WARN_CONSTANT_CONVERSION = YES;
				CLANG_WARN_DEPRECATED_OBJC_IMPLEMENTATIONS = YES;
				CLANG_WARN_DIRECT_OBJC_ISA_USAGE = YES_ERROR;
				CLANG_WARN_DOCUMENTATION_COMMENTS = YES;
				CLANG_WARN_EMPTY_BODY = YES;
				CLANG_WARN_ENUM_CONVERSION = YES;
				CLANG_WARN_INFINITE_RECURSION = YES;
				CLANG_WARN_INT_CONVERSION = YES;
				CLANG_WARN_NON_LITERAL_NULL_CONVERSION = YES;
				CLANG_WARN_OBJC_IMPLICIT_RETAIN_SELF = YES;
				CLANG_WARN_OBJC_LITERAL_CONVERSION = YES;
				CLANG_WARN_OBJC_ROOT_CLASS = YES_ERROR;
				CLANG_WARN_RANGE_LOOP_ANALYSIS = YES;
				CLANG_WARN_STRICT_PROTOTYPES = YES;
				CLANG_WARN_SUSPICIOUS_MOVE = YES;
				CLANG_WARN_UNGUARDED_AVAILABILITY = YES_AGGRESSIVE;
				CLANG_WARN_UNREACHABLE_CODE = YES;
				CLANG_WARN__DUPLICATE_METHOD_MATCH = YES;
				COPY_PHASE_STRIP = NO;
				DEBUG_INFORMATION_FORMAT = "dwarf-with-dsym";
				ENABLE_NS_ASSERTIONS = NO;
				ENABLE_STRICT_OBJC_MSGSEND = YES;
				GCC_C_LANGUAGE_STANDARD = gnu11;
				GCC_NO_COMMON_BLOCKS = YES;
				GCC_WARN_64_TO_32_BIT_CONVERSION = YES;
				GCC_WARN_ABOUT_RETURN_TYPE = YES_ERROR;
				GCC_WARN_UNDECLARED_SELECTOR = YES;
				GCC_WARN_UNINITIALIZED_AUTOS = YES_AGGRESSIVE;
				GCC_WARN_UNUSED_FUNCTION = YES;
				GCC_WARN_UNUSED_VARIABLE = YES;
				IPHONEOS_DEPLOYMENT_TARGET = 13.2;
				MTL_ENABLE_DEBUG_INFO = NO;
				MTL_FAST_MATH = YES;
				SDKROOT = iphoneos;
				SWIFT_COMPILATION_MODE = wholemodule;
				SWIFT_OPTIMIZATION_LEVEL = "-O";
				VALIDATE_PRODUCT = YES;
			};
			name = Release;
		};
		2C916A37237B953A00341F5D /* Debug */ = {
			isa = XCBuildConfiguration;
			buildSettings = {
				ASSETCATALOG_COMPILER_APPICON_NAME = AppIcon;
				CODE_SIGN_STYLE = Automatic;
				INFOPLIST_FILE = MeetingCalendar/Info.plist;
				LD_RUNPATH_SEARCH_PATHS = (
					"$(inherited)",
					"@executable_path/Frameworks",
				);
				PRODUCT_BUNDLE_IDENTIFIER = BlueSea.MeetingCalendar;
				PRODUCT_NAME = "$(TARGET_NAME)";
				SWIFT_VERSION = 5.0;
				TARGETED_DEVICE_FAMILY = "1,2";
			};
			name = Debug;
		};
		2C916A38237B953A00341F5D /* Release */ = {
			isa = XCBuildConfiguration;
			buildSettings = {
				ASSETCATALOG_COMPILER_APPICON_NAME = AppIcon;
				CODE_SIGN_STYLE = Automatic;
				INFOPLIST_FILE = MeetingCalendar/Info.plist;
				LD_RUNPATH_SEARCH_PATHS = (
					"$(inherited)",
					"@executable_path/Frameworks",
				);
				PRODUCT_BUNDLE_IDENTIFIER = BlueSea.MeetingCalendar;
				PRODUCT_NAME = "$(TARGET_NAME)";
				SWIFT_VERSION = 5.0;
				TARGETED_DEVICE_FAMILY = "1,2";
			};
			name = Release;
		};
		2C916A3A237B953A00341F5D /* Debug */ = {
			isa = XCBuildConfiguration;
			buildSettings = {
				ALWAYS_EMBED_SWIFT_STANDARD_LIBRARIES = YES;
				BUNDLE_LOADER = "$(TEST_HOST)";
				CODE_SIGN_STYLE = Automatic;
				INFOPLIST_FILE = MeetingCalendarTests/Info.plist;
				IPHONEOS_DEPLOYMENT_TARGET = 13.2;
				LD_RUNPATH_SEARCH_PATHS = (
					"$(inherited)",
					"@executable_path/Frameworks",
					"@loader_path/Frameworks",
				);
				PRODUCT_BUNDLE_IDENTIFIER = BlueSea.MeetingCalendarTests;
				PRODUCT_NAME = "$(TARGET_NAME)";
				SWIFT_VERSION = 5.0;
				TARGETED_DEVICE_FAMILY = "1,2";
				TEST_HOST = "$(BUILT_PRODUCTS_DIR)/MeetingCalendar.app/MeetingCalendar";
			};
			name = Debug;
		};
		2C916A3B237B953A00341F5D /* Release */ = {
			isa = XCBuildConfiguration;
			buildSettings = {
				ALWAYS_EMBED_SWIFT_STANDARD_LIBRARIES = YES;
				BUNDLE_LOADER = "$(TEST_HOST)";
				CODE_SIGN_STYLE = Automatic;
				INFOPLIST_FILE = MeetingCalendarTests/Info.plist;
				IPHONEOS_DEPLOYMENT_TARGET = 13.2;
				LD_RUNPATH_SEARCH_PATHS = (
					"$(inherited)",
					"@executable_path/Frameworks",
					"@loader_path/Frameworks",
				);
				PRODUCT_BUNDLE_IDENTIFIER = BlueSea.MeetingCalendarTests;
				PRODUCT_NAME = "$(TARGET_NAME)";
				SWIFT_VERSION = 5.0;
				TARGETED_DEVICE_FAMILY = "1,2";
				TEST_HOST = "$(BUILT_PRODUCTS_DIR)/MeetingCalendar.app/MeetingCalendar";
			};
			name = Release;
		};
		2C916A3D237B953A00341F5D /* Debug */ = {
			isa = XCBuildConfiguration;
			buildSettings = {
				ALWAYS_EMBED_SWIFT_STANDARD_LIBRARIES = YES;
				CODE_SIGN_STYLE = Automatic;
				INFOPLIST_FILE = MeetingCalendarUITests/Info.plist;
				LD_RUNPATH_SEARCH_PATHS = (
					"$(inherited)",
					"@executable_path/Frameworks",
					"@loader_path/Frameworks",
				);
				PRODUCT_BUNDLE_IDENTIFIER = BlueSea.MeetingCalendarUITests;
				PRODUCT_NAME = "$(TARGET_NAME)";
				SWIFT_VERSION = 5.0;
				TARGETED_DEVICE_FAMILY = "1,2";
				TEST_TARGET_NAME = MeetingCalendar;
			};
			name = Debug;
		};
		2C916A3E237B953A00341F5D /* Release */ = {
			isa = XCBuildConfiguration;
			buildSettings = {
				ALWAYS_EMBED_SWIFT_STANDARD_LIBRARIES = YES;
				CODE_SIGN_STYLE = Automatic;
				INFOPLIST_FILE = MeetingCalendarUITests/Info.plist;
				LD_RUNPATH_SEARCH_PATHS = (
					"$(inherited)",
					"@executable_path/Frameworks",
					"@loader_path/Frameworks",
				);
				PRODUCT_BUNDLE_IDENTIFIER = BlueSea.MeetingCalendarUITests;
				PRODUCT_NAME = "$(TARGET_NAME)";
				SWIFT_VERSION = 5.0;
				TARGETED_DEVICE_FAMILY = "1,2";
				TEST_TARGET_NAME = MeetingCalendar;
			};
			name = Release;
		};
/* End XCBuildConfiguration section */

/* Begin XCConfigurationList section */
		2C916A07237B953900341F5D /* Build configuration list for PBXProject "MeetingCalendar" */ = {
			isa = XCConfigurationList;
			buildConfigurations = (
				2C916A34237B953A00341F5D /* Debug */,
				2C916A35237B953A00341F5D /* Release */,
			);
			defaultConfigurationIsVisible = 0;
			defaultConfigurationName = Release;
		};
		2C916A36237B953A00341F5D /* Build configuration list for PBXNativeTarget "MeetingCalendar" */ = {
			isa = XCConfigurationList;
			buildConfigurations = (
				2C916A37237B953A00341F5D /* Debug */,
				2C916A38237B953A00341F5D /* Release */,
			);
			defaultConfigurationIsVisible = 0;
			defaultConfigurationName = Release;
		};
		2C916A39237B953A00341F5D /* Build configuration list for PBXNativeTarget "MeetingCalendarTests" */ = {
			isa = XCConfigurationList;
			buildConfigurations = (
				2C916A3A237B953A00341F5D /* Debug */,
				2C916A3B237B953A00341F5D /* Release */,
			);
			defaultConfigurationIsVisible = 0;
			defaultConfigurationName = Release;
		};
		2C916A3C237B953A00341F5D /* Build configuration list for PBXNativeTarget "MeetingCalendarUITests" */ = {
			isa = XCConfigurationList;
			buildConfigurations = (
				2C916A3D237B953A00341F5D /* Debug */,
				2C916A3E237B953A00341F5D /* Release */,
			);
			defaultConfigurationIsVisible = 0;
			defaultConfigurationName = Release;
		};
/* End XCConfigurationList section */
	};
	rootObject = 2C916A04237B953900341F5D /* Project object */;
}
